
Microsoft Visual Studio Solution File, Format Version 12.00
# Visual Studio Version 17
VisualStudioVersion = 17.14.36616.10 d17.14
MinimumVisualStudioVersion = 10.0.40219.1
Project("{FAE04EC0-301F-11D3-BF4B-00C04F79EFBC}") = "pass_siomm_backend", "pass_siomm_backend.csproj", "{D58A300D-5ED1-F998-BB34-6D13F34CFBD1}"
EndProject
Global
	GlobalSection(SolutionConfigurationPlatforms) = preSolution
		Debug|Any CPU = Debug|Any CPU
		Release|Any CPU = Release|Any CPU
	EndGlobalSection
	GlobalSection(ProjectConfigurationPlatforms) = postSolution
		{D58A300D-5ED1-F998-BB34-6D13F34CFBD1}.Debug|Any CPU.ActiveCfg = Debug|Any CPU
		{D58A300D-5ED1-F998-BB34-6D13F34CFBD1}.Debug|Any CPU.Build.0 = Debug|Any CPU
		{D58A300D-5ED1-F998-BB34-6D13F34CFBD1}.Release|Any CPU.ActiveCfg = Release|Any CPU
		{D58A300D-5ED1-F998-BB34-6D13F34CFBD1}.Release|Any CPU.Build.0 = Release|Any CPU
	EndGlobalSection
	GlobalSection(SolutionProperties) = preSolution
		HideSolutionNode = FALSE
	EndGlobalSection
	GlobalSection(ExtensibilityGlobals) = postSolution
		SolutionGuid = {01A336A6-D6C1-4C66-A300-99FE9A33ABA9}
	EndGlobalSection
EndGlobal
